
Microsoft Visual Studio Solution File, Format Version 12.00
# Visual Studio 15
VisualStudioVersion = 15.0.28307.1684
MinimumVisualStudioVersion = 10.0.40219.1
Project("{FAE04EC0-301F-11D3-BF4B-00C04F79EFBC}") = "ClientProxyForm-P5-092", "ClientProxyForm-P5-092\ClientProxyForm-P5-092.csproj", "{4E26B500-EBBF-437E-996A-2EDCBED6A37E}"
EndProject
Global
	GlobalSection(SolutionConfigurationPlatforms) = preSolution
		Debug|Any CPU = Debug|Any CPU
		Release|Any CPU = Release|Any CPU
	EndGlobalSection
	GlobalSection(ProjectConfigurationPlatforms) = postSolution
		{4E26B500-EBBF-437E-996A-2EDCBED6A37E}.Debug|Any CPU.ActiveCfg = Debug|Any CPU
		{4E26B500-EBBF-437E-996A-2EDCBED6A37E}.Debug|Any CPU.Build.0 = Debug|Any CPU
		{4E26B500-EBBF-437E-996A-2EDCBED6A37E}.Release|Any CPU.ActiveCfg = Release|Any CPU
		{4E26B500-EBBF-437E-996A-2EDCBED6A37E}.Release|Any CPU.Build.0 = Release|Any CPU
	EndGlobalSection
	GlobalSection(SolutionProperties) = preSolution
		HideSolutionNode = FALSE
	EndGlobalSection
	GlobalSection(ExtensibilityGlobals) = postSolution
		SolutionGuid = {F2A65EDD-B5D0-4491-807A-84094FA766B6}
	EndGlobalSection
EndGlobal
